// !$*UTF8*$!
{
	archiveVersion = 1;
	classes = {
	};
	objectVersion = 56;
	objects = {

/* Begin PBXBuildFile section */
		AFD9B24129A4463200F4130E /* AppDelegate.swift in Sources */ = {isa = PBXBuildFile; fileRef = AFD9B24029A4463200F4130E /* AppDelegate.swift */; };
		AFD9B24329A4463200F4130E /* SceneDelegate.swift in Sources */ = {isa = PBXBuildFile; fileRef = AFD9B24229A4463200F4130E /* SceneDelegate.swift */; };
		AFD9B24529A4463200F4130E /* ViewController.swift in Sources */ = {isa = PBXBuildFile; fileRef = AFD9B24429A4463200F4130E /* ViewController.swift */; };
		AFD9B24829A4463200F4130E /* Main.storyboard in Resources */ = {isa = PBXBuildFile; fileRef = AFD9B24629A4463200F4130E /* Main.storyboard */; };
		AFD9B24A29A4463400F4130E /* Assets.xcassets in Resources */ = {isa = PBXBuildFile; fileRef = AFD9B24929A4463400F4130E /* Assets.xcassets */; };
		AFD9B24D29A4463400F4130E /* LaunchScreen.storyboard in Resources */ = {isa = PBXBuildFile; fileRef = AFD9B24B29A4463400F4130E /* LaunchScreen.storyboard */; };
		AFD9B25529A44C9500F4130E /* MainCordination.swift in Sources */ = {isa = PBXBuildFile; fileRef = AFD9B25429A44C9500F4130E /* MainCordination.swift */; };
		AFD9B25829A44E1800F4130E /* CordinationFactory.swift in Sources */ = {isa = PBXBuildFile; fileRef = AFD9B25729A44E1800F4130E /* CordinationFactory.swift */; };
		AFD9B25C29A450E200F4130E /* LoginAPI.swift in Sources */ = {isa = PBXBuildFile; fileRef = AFD9B25B29A450E200F4130E /* LoginAPI.swift */; };
		AFD9B26029A4550200F4130E /* LoginModel.swift in Sources */ = {isa = PBXBuildFile; fileRef = AFD9B25F29A4550200F4130E /* LoginModel.swift */; };
		AFD9B26229A45CD500F4130E /* Endpoint.swift in Sources */ = {isa = PBXBuildFile; fileRef = AFD9B26129A45CD500F4130E /* Endpoint.swift */; };
		AFD9B26429A45DE500F4130E /* Credentials.swift in Sources */ = {isa = PBXBuildFile; fileRef = AFD9B26329A45DE500F4130E /* Credentials.swift */; };
		AFD9B26629A463DC00F4130E /* FilmcollectionAPI.swift in Sources */ = {isa = PBXBuildFile; fileRef = AFD9B26529A463DC00F4130E /* FilmcollectionAPI.swift */; };
		AFD9B26A29A46BE200F4130E /* FilmCollectionModel.swift in Sources */ = {isa = PBXBuildFile; fileRef = AFD9B26929A46BE200F4130E /* FilmCollectionModel.swift */; };
		AFD9B26E29A46D5100F4130E /* LoginViewModel.swift in Sources */ = {isa = PBXBuildFile; fileRef = AFD9B26D29A46D5100F4130E /* LoginViewModel.swift */; };
		AFD9B27229A46E0F00F4130E /* LoginViewController.swift in Sources */ = {isa = PBXBuildFile; fileRef = AFD9B27129A46E0F00F4130E /* LoginViewController.swift */; };
		AFD9B27429A471EF00F4130E /* APIState.swift in Sources */ = {isa = PBXBuildFile; fileRef = AFD9B27329A471EF00F4130E /* APIState.swift */; };
		AFD9B27629A4723E00F4130E /* APIError.swift in Sources */ = {isa = PBXBuildFile; fileRef = AFD9B27529A4723E00F4130E /* APIError.swift */; };
		AFD9B27929A4785C00F4130E /* FilmCollectionViewContoller.swift in Sources */ = {isa = PBXBuildFile; fileRef = AFD9B27829A4785C00F4130E /* FilmCollectionViewContoller.swift */; };
		AFD9B27C29A539E100F4130E /* FilmCollectionCell.swift in Sources */ = {isa = PBXBuildFile; fileRef = AFD9B27B29A539E000F4130E /* FilmCollectionCell.swift */; };
		AFD9B27E29A53DEE00F4130E /* FilmCollectionViewModel.swift in Sources */ = {isa = PBXBuildFile; fileRef = AFD9B27D29A53DEE00F4130E /* FilmCollectionViewModel.swift */; };
/* End PBXBuildFile section */

/* Begin PBXFileReference section */
		AFD9B23D29A4463200F4130E /* TheMovie-iOS.app */ = {isa = PBXFileReference; explicitFileType = wrapper.application; includeInIndex = 0; path = "TheMovie-iOS.app"; sourceTree = BUILT_PRODUCTS_DIR; };
		AFD9B24029A4463200F4130E /* AppDelegate.swift */ = {isa = PBXFileReference; lastKnownFileType = sourcecode.swift; path = AppDelegate.swift; sourceTree = "<group>"; };
		AFD9B24229A4463200F4130E /* SceneDelegate.swift */ = {isa = PBXFileReference; lastKnownFileType = sourcecode.swift; path = SceneDelegate.swift; sourceTree = "<group>"; };
		AFD9B24429A4463200F4130E /* ViewController.swift */ = {isa = PBXFileReference; lastKnownFileType = sourcecode.swift; path = ViewController.swift; sourceTree = "<group>"; };
		AFD9B24729A4463200F4130E /* Base */ = {isa = PBXFileReference; lastKnownFileType = file.storyboard; name = Base; path = Base.lproj/Main.storyboard; sourceTree = "<group>"; };
		AFD9B24929A4463400F4130E /* Assets.xcassets */ = {isa = PBXFileReference; lastKnownFileType = folder.assetcatalog; path = Assets.xcassets; sourceTree = "<group>"; };
		AFD9B24C29A4463400F4130E /* Base */ = {isa = PBXFileReference; lastKnownFileType = file.storyboard; name = Base; path = Base.lproj/LaunchScreen.storyboard; sourceTree = "<group>"; };
		AFD9B24E29A4463400F4130E /* Info.plist */ = {isa = PBXFileReference; lastKnownFileType = text.plist.xml; path = Info.plist; sourceTree = "<group>"; };
		AFD9B25429A44C9500F4130E /* MainCordination.swift */ = {isa = PBXFileReference; lastKnownFileType = sourcecode.swift; path = MainCordination.swift; sourceTree = "<group>"; };
		AFD9B25729A44E1800F4130E /* CordinationFactory.swift */ = {isa = PBXFileReference; lastKnownFileType = sourcecode.swift; path = CordinationFactory.swift; sourceTree = "<group>"; };
		AFD9B25B29A450E200F4130E /* LoginAPI.swift */ = {isa = PBXFileReference; lastKnownFileType = sourcecode.swift; path = LoginAPI.swift; sourceTree = "<group>"; };
		AFD9B25F29A4550200F4130E /* LoginModel.swift */ = {isa = PBXFileReference; lastKnownFileType = sourcecode.swift; path = LoginModel.swift; sourceTree = "<group>"; };
		AFD9B26129A45CD500F4130E /* Endpoint.swift */ = {isa = PBXFileReference; lastKnownFileType = sourcecode.swift; path = Endpoint.swift; sourceTree = "<group>"; };
		AFD9B26329A45DE500F4130E /* Credentials.swift */ = {isa = PBXFileReference; lastKnownFileType = sourcecode.swift; path = Credentials.swift; sourceTree = "<group>"; };
		AFD9B26529A463DC00F4130E /* FilmcollectionAPI.swift */ = {isa = PBXFileReference; lastKnownFileType = sourcecode.swift; path = FilmcollectionAPI.swift; sourceTree = "<group>"; };
		AFD9B26929A46BE200F4130E /* FilmCollectionModel.swift */ = {isa = PBXFileReference; lastKnownFileType = sourcecode.swift; path = FilmCollectionModel.swift; sourceTree = "<group>"; };
		AFD9B26D29A46D5100F4130E /* LoginViewModel.swift */ = {isa = PBXFileReference; lastKnownFileType = sourcecode.swift; path = LoginViewModel.swift; sourceTree = "<group>"; };
		AFD9B27129A46E0F00F4130E /* LoginViewController.swift */ = {isa = PBXFileReference; lastKnownFileType = sourcecode.swift; path = LoginViewController.swift; sourceTree = "<group>"; };
		AFD9B27329A471EF00F4130E /* APIState.swift */ = {isa = PBXFileReference; lastKnownFileType = sourcecode.swift; path = APIState.swift; sourceTree = "<group>"; };
		AFD9B27529A4723E00F4130E /* APIError.swift */ = {isa = PBXFileReference; lastKnownFileType = sourcecode.swift; path = APIError.swift; sourceTree = "<group>"; };
		AFD9B27829A4785C00F4130E /* FilmCollectionViewContoller.swift */ = {isa = PBXFileReference; lastKnownFileType = sourcecode.swift; path = FilmCollectionViewContoller.swift; sourceTree = "<group>"; };
		AFD9B27B29A539E000F4130E /* FilmCollectionCell.swift */ = {isa = PBXFileReference; lastKnownFileType = sourcecode.swift; path = FilmCollectionCell.swift; sourceTree = "<group>"; };
		AFD9B27D29A53DEE00F4130E /* FilmCollectionViewModel.swift */ = {isa = PBXFileReference; lastKnownFileType = sourcecode.swift; path = FilmCollectionViewModel.swift; sourceTree = "<group>"; };
/* End PBXFileReference section */

/* Begin PBXFrameworksBuildPhase section */
		AFD9B23A29A4463200F4130E /* Frameworks */ = {
			isa = PBXFrameworksBuildPhase;
			buildActionMask = 2147483647;
			files = (
			);
			runOnlyForDeploymentPostprocessing = 0;
		};
/* End PBXFrameworksBuildPhase section */

/* Begin PBXGroup section */
		AFD9B23429A4463200F4130E = {
			isa = PBXGroup;
			children = (
				AFD9B23F29A4463200F4130E /* TheMovie-iOS */,
				AFD9B23E29A4463200F4130E /* Products */,
			);
			sourceTree = "<group>";
		};
		AFD9B23E29A4463200F4130E /* Products */ = {
			isa = PBXGroup;
			children = (
				AFD9B23D29A4463200F4130E /* TheMovie-iOS.app */,
			);
			name = Products;
			sourceTree = "<group>";
		};
		AFD9B23F29A4463200F4130E /* TheMovie-iOS */ = {
			isa = PBXGroup;
			children = (
				AFD9B27F29A53F1200F4130E /* Utilities */,
				AFD9B25A29A44F4700F4130E /* Networking */,
				AFD9B25629A44C9A00F4130E /* Cordination  */,
				AFD9B25D29A4522B00F4130E /* LoginModule  */,
				AFD9B26729A46BA900F4130E /* FilmColectionModule */,
				AFD9B24029A4463200F4130E /* AppDelegate.swift */,
				AFD9B24229A4463200F4130E /* SceneDelegate.swift */,
				AFD9B24429A4463200F4130E /* ViewController.swift */,
				AFD9B24629A4463200F4130E /* Main.storyboard */,
				AFD9B24929A4463400F4130E /* Assets.xcassets */,
				AFD9B24B29A4463400F4130E /* LaunchScreen.storyboard */,
				AFD9B24E29A4463400F4130E /* Info.plist */,
			);
			path = "TheMovie-iOS";
			sourceTree = "<group>";
		};
		AFD9B25629A44C9A00F4130E /* Cordination  */ = {
			isa = PBXGroup;
			children = (
				AFD9B25729A44E1800F4130E /* CordinationFactory.swift */,
				AFD9B25429A44C9500F4130E /* MainCordination.swift */,
			);
			path = "Cordination ";
			sourceTree = "<group>";
		};
		AFD9B25A29A44F4700F4130E /* Networking */ = {
			isa = PBXGroup;
			children = (
				AFD9B26129A45CD500F4130E /* Endpoint.swift */,
				AFD9B27329A471EF00F4130E /* APIState.swift */,
				AFD9B25B29A450E200F4130E /* LoginAPI.swift */,
				AFD9B26529A463DC00F4130E /* FilmcollectionAPI.swift */,
				AFD9B26329A45DE500F4130E /* Credentials.swift */,
				AFD9B27529A4723E00F4130E /* APIError.swift */,
			);
			name = Networking;
			sourceTree = "<group>";
		};
		AFD9B25D29A4522B00F4130E /* LoginModule  */ = {
			isa = PBXGroup;
			children = (
				AFD9B26C29A46D2D00F4130E /* LoginView */,
				AFD9B26B29A46D1B00F4130E /* LoginViewModel */,
				AFD9B25E29A454DE00F4130E /* LoginModel */,
			);
			name = "LoginModule ";
			sourceTree = "<group>";
		};
		AFD9B25E29A454DE00F4130E /* LoginModel */ = {
			isa = PBXGroup;
			children = (
				AFD9B25F29A4550200F4130E /* LoginModel.swift */,
			);
			path = LoginModel;
			sourceTree = "<group>";
		};
		AFD9B26729A46BA900F4130E /* FilmColectionModule */ = {
			isa = PBXGroup;
			children = (
				AFD9B26829A46BB900F4130E /* FilmColectionModel */,
				AFD9B27A29A478E200F4130E /* FilmCollectionView */,
				AFD9B27729A4784700F4130E /* FilmCollectionViewModel */,
			);
			path = FilmColectionModule;
			sourceTree = "<group>";
		};
		AFD9B26829A46BB900F4130E /* FilmColectionModel */ = {
			isa = PBXGroup;
			children = (
				AFD9B26929A46BE200F4130E /* FilmCollectionModel.swift */,
			);
			name = FilmColectionModel;
			sourceTree = "<group>";
		};
		AFD9B26B29A46D1B00F4130E /* LoginViewModel */ = {
			isa = PBXGroup;
			children = (
				AFD9B26D29A46D5100F4130E /* LoginViewModel.swift */,
			);
			name = LoginViewModel;
			sourceTree = "<group>";
		};
		AFD9B26C29A46D2D00F4130E /* LoginView */ = {
			isa = PBXGroup;
			children = (
				AFD9B27129A46E0F00F4130E /* LoginViewController.swift */,
			);
			name = LoginView;
			sourceTree = "<group>";
		};
		AFD9B27729A4784700F4130E /* FilmCollectionViewModel */ = {
			isa = PBXGroup;
			children = (
				AFD9B27829A4785C00F4130E /* FilmCollectionViewContoller.swift */,
				AFD9B27B29A539E000F4130E /* FilmCollectionCell.swift */,
			);
			path = FilmCollectionViewModel;
			sourceTree = "<group>";
		};
		AFD9B27A29A478E200F4130E /* FilmCollectionView */ = {
			isa = PBXGroup;
			children = (
				AFD9B27D29A53DEE00F4130E /* FilmCollectionViewModel.swift */,
			);
			name = FilmCollectionView;
			sourceTree = "<group>";
		};
		AFD9B27F29A53F1200F4130E /* Utilities */ = {
			isa = PBXGroup;
			children = (
				AFD9B28029A53F4100F4130E /* Extensions */,
			);
			name = Utilities;
			sourceTree = "<group>";
		};
		AFD9B28029A53F4100F4130E /* Extensions */ = {
			isa = PBXGroup;
			children = (
			);
			path = Extensions;
			sourceTree = "<group>";
		};
/* End PBXGroup section */

/* Begin PBXNativeTarget section */
		AFD9B23C29A4463200F4130E /* TheMovie-iOS */ = {
			isa = PBXNativeTarget;
			buildConfigurationList = AFD9B25129A4463400F4130E /* Build configuration list for PBXNativeTarget "TheMovie-iOS" */;
			buildPhases = (
				AFD9B23929A4463200F4130E /* Sources */,
				AFD9B23A29A4463200F4130E /* Frameworks */,
				AFD9B23B29A4463200F4130E /* Resources */,
			);
			buildRules = (
			);
			dependencies = (
			);
			name = "TheMovie-iOS";
			productName = "TheMovie-iOS";
			productReference = AFD9B23D29A4463200F4130E /* TheMovie-iOS.app */;
			productType = "com.apple.product-type.application";
		};
/* End PBXNativeTarget section */

/* Begin PBXProject section */
		AFD9B23529A4463200F4130E /* Project object */ = {
			isa = PBXProject;
			attributes = {
				BuildIndependentTargetsInParallel = 1;
				LastSwiftUpdateCheck = 1420;
				LastUpgradeCheck = 1420;
				TargetAttributes = {
					AFD9B23C29A4463200F4130E = {
						CreatedOnToolsVersion = 14.2;
					};
				};
			};
			buildConfigurationList = AFD9B23829A4463200F4130E /* Build configuration list for PBXProject "TheMovie-iOS" */;
			compatibilityVersion = "Xcode 14.0";
			developmentRegion = en;
			hasScannedForEncodings = 0;
			knownRegions = (
				en,
				Base,
			);
			mainGroup = AFD9B23429A4463200F4130E;
			productRefGroup = AFD9B23E29A4463200F4130E /* Products */;
			projectDirPath = "";
			projectRoot = "";
			targets = (
				AFD9B23C29A4463200F4130E /* TheMovie-iOS */,
			);
		};
/* End PBXProject section */

/* Begin PBXResourcesBuildPhase section */
		AFD9B23B29A4463200F4130E /* Resources */ = {
			isa = PBXResourcesBuildPhase;
			buildActionMask = 2147483647;
			files = (
				AFD9B24D29A4463400F4130E /* LaunchScreen.storyboard in Resources */,
				AFD9B24A29A4463400F4130E /* Assets.xcassets in Resources */,
				AFD9B24829A4463200F4130E /* Main.storyboard in Resources */,
			);
			runOnlyForDeploymentPostprocessing = 0;
		};
/* End PBXResourcesBuildPhase section */

/* Begin PBXSourcesBuildPhase section */
		AFD9B23929A4463200F4130E /* Sources */ = {
			isa = PBXSourcesBuildPhase;
			buildActionMask = 2147483647;
			files = (
				AFD9B27E29A53DEE00F4130E /* FilmCollectionViewModel.swift in Sources */,
				AFD9B24529A4463200F4130E /* ViewController.swift in Sources */,
				AFD9B26029A4550200F4130E /* LoginModel.swift in Sources */,
				AFD9B27429A471EF00F4130E /* APIState.swift in Sources */,
				AFD9B26229A45CD500F4130E /* Endpoint.swift in Sources */,
				AFD9B26A29A46BE200F4130E /* FilmCollectionModel.swift in Sources */,
				AFD9B26429A45DE500F4130E /* Credentials.swift in Sources */,
				AFD9B26629A463DC00F4130E /* FilmcollectionAPI.swift in Sources */,
				AFD9B24129A4463200F4130E /* AppDelegate.swift in Sources */,
				AFD9B27929A4785C00F4130E /* FilmCollectionViewContoller.swift in Sources */,
				AFD9B27629A4723E00F4130E /* APIError.swift in Sources */,
				AFD9B27C29A539E100F4130E /* FilmCollectionCell.swift in Sources */,
				AFD9B24329A4463200F4130E /* SceneDelegate.swift in Sources */,
				AFD9B26E29A46D5100F4130E /* LoginViewModel.swift in Sources */,
				AFD9B25529A44C9500F4130E /* MainCordination.swift in Sources */,
				AFD9B25C29A450E200F4130E /* LoginAPI.swift in Sources */,
				AFD9B27229A46E0F00F4130E /* LoginViewController.swift in Sources */,
				AFD9B25829A44E1800F4130E /* CordinationFactory.swift in Sources */,
			);
			runOnlyForDeploymentPostprocessing = 0;
		};
/* End PBXSourcesBuildPhase section */

/* Begin PBXVariantGroup section */
		AFD9B24629A4463200F4130E /* Main.storyboard */ = {
			isa = PBXVariantGroup;
			children = (
				AFD9B24729A4463200F4130E /* Base */,
			);
			name = Main.storyboard;
			sourceTree = "<group>";
		};
		AFD9B24B29A4463400F4130E /* LaunchScreen.storyboard */ = {
			isa = PBXVariantGroup;
			children = (
				AFD9B24C29A4463400F4130E /* Base */,
			);
			name = LaunchScreen.storyboard;
			sourceTree = "<group>";
		};
/* End PBXVariantGroup section */

/* Begin XCBuildConfiguration section */
		AFD9B24F29A4463400F4130E /* Debug */ = {
			isa = XCBuildConfiguration;
			buildSettings = {
				ALWAYS_SEARCH_USER_PATHS = NO;
				CLANG_ANALYZER_NONNULL = YES;
				CLANG_ANALYZER_NUMBER_OBJECT_CONVERSION = YES_AGGRESSIVE;
				CLANG_CXX_LANGUAGE_STANDARD = "gnu++20";
				CLANG_ENABLE_MODULES = YES;
				CLANG_ENABLE_OBJC_ARC = YES;
				CLANG_ENABLE_OBJC_WEAK = YES;
				CLANG_WARN_BLOCK_CAPTURE_AUTORELEASING = YES;
				CLANG_WARN_BOOL_CONVERSION = YES;
				CLANG_WARN_COMMA = YES;
				CLANG_WARN_CONSTANT_CONVERSION = YES;
				CLANG_WARN_DEPRECATED_OBJC_IMPLEMENTATIONS = YES;
				CLANG_WARN_DIRECT_OBJC_ISA_USAGE = YES_ERROR;
				CLANG_WARN_DOCUMENTATION_COMMENTS = YES;
				CLANG_WARN_EMPTY_BODY = YES;
				CLANG_WARN_ENUM_CONVERSION = YES;
				CLANG_WARN_INFINITE_RECURSION = YES;
				CLANG_WARN_INT_CONVERSION = YES;
				CLANG_WARN_NON_LITERAL_NULL_CONVERSION = YES;
				CLANG_WARN_OBJC_IMPLICIT_RETAIN_SELF = YES;
				CLANG_WARN_OBJC_LITERAL_CONVERSION = YES;
				CLANG_WARN_OBJC_ROOT_CLASS = YES_ERROR;
				CLANG_WARN_QUOTED_INCLUDE_IN_FRAMEWORK_HEADER = YES;
				CLANG_WARN_RANGE_LOOP_ANALYSIS = YES;
				CLANG_WARN_STRICT_PROTOTYPES = YES;
				CLANG_WARN_SUSPICIOUS_MOVE = YES;
				CLANG_WARN_UNGUARDED_AVAILABILITY = YES_AGGRESSIVE;
				CLANG_WARN_UNREACHABLE_CODE = YES;
				CLANG_WARN__DUPLICATE_METHOD_MATCH = YES;
				COPY_PHASE_STRIP = NO;
				DEBUG_INFORMATION_FORMAT = dwarf;
				ENABLE_STRICT_OBJC_MSGSEND = YES;
				ENABLE_TESTABILITY = YES;
				GCC_C_LANGUAGE_STANDARD = gnu11;
				GCC_DYNAMIC_NO_PIC = NO;
				GCC_NO_COMMON_BLOCKS = YES;
				GCC_OPTIMIZATION_LEVEL = 0;
				GCC_PREPROCESSOR_DEFINITIONS = (
					"DEBUG=1",
					"$(inherited)",
				);
				GCC_WARN_64_TO_32_BIT_CONVERSION = YES;
				GCC_WARN_ABOUT_RETURN_TYPE = YES_ERROR;
				GCC_WARN_UNDECLARED_SELECTOR = YES;
				GCC_WARN_UNINITIALIZED_AUTOS = YES_AGGRESSIVE;
				GCC_WARN_UNUSED_FUNCTION = YES;
				GCC_WARN_UNUSED_VARIABLE = YES;
				IPHONEOS_DEPLOYMENT_TARGET = 16.2;
				MTL_ENABLE_DEBUG_INFO = INCLUDE_SOURCE;
				MTL_FAST_MATH = YES;
				ONLY_ACTIVE_ARCH = YES;
				SDKROOT = iphoneos;
				SWIFT_ACTIVE_COMPILATION_CONDITIONS = DEBUG;
				SWIFT_OPTIMIZATION_LEVEL = "-Onone";
			};
			name = Debug;
		};
		AFD9B25029A4463400F4130E /* Release */ = {
			isa = XCBuildConfiguration;
			buildSettings = {
				ALWAYS_SEARCH_USER_PATHS = NO;
				CLANG_ANALYZER_NONNULL = YES;
				CLANG_ANALYZER_NUMBER_OBJECT_CONVERSION = YES_AGGRESSIVE;
				CLANG_CXX_LANGUAGE_STANDARD = "gnu++20";
				CLANG_ENABLE_MODULES = YES;
				CLANG_ENABLE_OBJC_ARC = YES;
				CLANG_ENABLE_OBJC_WEAK = YES;
				CLANG_WARN_BLOCK_CAPTURE_AUTORELEASING = YES;
				CLANG_WARN_BOOL_CONVERSION = YES;
				CLANG_WARN_COMMA = YES;
				CLANG_WARN_CONSTANT_CONVERSION = YES;
				CLANG_WARN_DEPRECATED_OBJC_IMPLEMENTATIONS = YES;
				CLANG_WARN_DIRECT_OBJC_ISA_USAGE = YES_ERROR;
				CLANG_WARN_DOCUMENTATION_COMMENTS = YES;
				CLANG_WARN_EMPTY_BODY = YES;
				CLANG_WARN_ENUM_CONVERSION = YES;
				CLANG_WARN_INFINITE_RECURSION = YES;
				CLANG_WARN_INT_CONVERSION = YES;
				CLANG_WARN_NON_LITERAL_NULL_CONVERSION = YES;
				CLANG_WARN_OBJC_IMPLICIT_RETAIN_SELF = YES;
				CLANG_WARN_OBJC_LITERAL_CONVERSION = YES;
				CLANG_WARN_OBJC_ROOT_CLASS = YES_ERROR;
				CLANG_WARN_QUOTED_INCLUDE_IN_FRAMEWORK_HEADER = YES;
				CLANG_WARN_RANGE_LOOP_ANALYSIS = YES;
				CLANG_WARN_STRICT_PROTOTYPES = YES;
				CLANG_WARN_SUSPICIOUS_MOVE = YES;
				CLANG_WARN_UNGUARDED_AVAILABILITY = YES_AGGRESSIVE;
				CLANG_WARN_UNREACHABLE_CODE = YES;
				CLANG_WARN__DUPLICATE_METHOD_MATCH = YES;
				COPY_PHASE_STRIP = NO;
				DEBUG_INFORMATION_FORMAT = "dwarf-with-dsym";
				ENABLE_NS_ASSERTIONS = NO;
				ENABLE_STRICT_OBJC_MSGSEND = YES;
				GCC_C_LANGUAGE_STANDARD = gnu11;
				GCC_NO_COMMON_BLOCKS = YES;
				GCC_WARN_64_TO_32_BIT_CONVERSION = YES;
				GCC_WARN_ABOUT_RETURN_TYPE = YES_ERROR;
				GCC_WARN_UNDECLARED_SELECTOR = YES;
				GCC_WARN_UNINITIALIZED_AUTOS = YES_AGGRESSIVE;
				GCC_WARN_UNUSED_FUNCTION = YES;
				GCC_WARN_UNUSED_VARIABLE = YES;
				IPHONEOS_DEPLOYMENT_TARGET = 16.2;
				MTL_ENABLE_DEBUG_INFO = NO;
				MTL_FAST_MATH = YES;
				SDKROOT = iphoneos;
				SWIFT_COMPILATION_MODE = wholemodule;
				SWIFT_OPTIMIZATION_LEVEL = "-O";
				VALIDATE_PRODUCT = YES;
			};
			name = Release;
		};
		AFD9B25229A4463400F4130E /* Debug */ = {
			isa = XCBuildConfiguration;
			buildSettings = {
				ASSETCATALOG_COMPILER_APPICON_NAME = AppIcon;
				ASSETCATALOG_COMPILER_GLOBAL_ACCENT_COLOR_NAME = AccentColor;
				CODE_SIGN_STYLE = Automatic;
				CURRENT_PROJECT_VERSION = 1;
				DEVELOPMENT_TEAM = DJ6A3955DY;
				GENERATE_INFOPLIST_FILE = YES;
				INFOPLIST_FILE = "TheMovie-iOS/Info.plist";
				INFOPLIST_KEY_UIApplicationSupportsIndirectInputEvents = YES;
				INFOPLIST_KEY_UILaunchStoryboardName = LaunchScreen;
				INFOPLIST_KEY_UIMainStoryboardFile = Main;
				INFOPLIST_KEY_UISupportedInterfaceOrientations_iPad = "UIInterfaceOrientationPortrait UIInterfaceOrientationPortraitUpsideDown UIInterfaceOrientationLandscapeLeft UIInterfaceOrientationLandscapeRight";
				INFOPLIST_KEY_UISupportedInterfaceOrientations_iPhone = "UIInterfaceOrientationPortrait UIInterfaceOrientationLandscapeLeft UIInterfaceOrientationLandscapeRight";
				IPHONEOS_DEPLOYMENT_TARGET = 15.4;
				LD_RUNPATH_SEARCH_PATHS = (
					"$(inherited)",
					"@executable_path/Frameworks",
				);
				MARKETING_VERSION = 1.0;
				PRODUCT_BUNDLE_IDENTIFIER = "DDRR.TheMovie-iOS";
				PRODUCT_NAME = "$(TARGET_NAME)";
				SWIFT_EMIT_LOC_STRINGS = YES;
				SWIFT_VERSION = 5.0;
				TARGETED_DEVICE_FAMILY = "1,2";
			};
			name = Debug;
		};
		AFD9B25329A4463400F4130E /* Release */ = {
			isa = XCBuildConfiguration;
			buildSettings = {
				ASSETCATALOG_COMPILER_APPICON_NAME = AppIcon;
				ASSETCATALOG_COMPILER_GLOBAL_ACCENT_COLOR_NAME = AccentColor;
				CODE_SIGN_STYLE = Automatic;
				CURRENT_PROJECT_VERSION = 1;
				DEVELOPMENT_TEAM = DJ6A3955DY;
				GENERATE_INFOPLIST_FILE = YES;
				INFOPLIST_FILE = "TheMovie-iOS/Info.plist";
				INFOPLIST_KEY_UIApplicationSupportsIndirectInputEvents = YES;
				INFOPLIST_KEY_UILaunchStoryboardName = LaunchScreen;
				INFOPLIST_KEY_UIMainStoryboardFile = Main;
				INFOPLIST_KEY_UISupportedInterfaceOrientations_iPad = "UIInterfaceOrientationPortrait UIInterfaceOrientationPortraitUpsideDown UIInterfaceOrientationLandscapeLeft UIInterfaceOrientationLandscapeRight";
				INFOPLIST_KEY_UISupportedInterfaceOrientations_iPhone = "UIInterfaceOrientationPortrait UIInterfaceOrientationLandscapeLeft UIInterfaceOrientationLandscapeRight";
				IPHONEOS_DEPLOYMENT_TARGET = 15.4;
				LD_RUNPATH_SEARCH_PATHS = (
					"$(inherited)",
					"@executable_path/Frameworks",
				);
				MARKETING_VERSION = 1.0;
				PRODUCT_BUNDLE_IDENTIFIER = "DDRR.TheMovie-iOS";
				PRODUCT_NAME = "$(TARGET_NAME)";
				SWIFT_EMIT_LOC_STRINGS = YES;
				SWIFT_VERSION = 5.0;
				TARGETED_DEVICE_FAMILY = "1,2";
			};
			name = Release;
		};
/* End XCBuildConfiguration section */

/* Begin XCConfigurationList section */
		AFD9B23829A4463200F4130E /* Build configuration list for PBXProject "TheMovie-iOS" */ = {
			isa = XCConfigurationList;
			buildConfigurations = (
				AFD9B24F29A4463400F4130E /* Debug */,
				AFD9B25029A4463400F4130E /* Release */,
			);
			defaultConfigurationIsVisible = 0;
			defaultConfigurationName = Release;
		};
		AFD9B25129A4463400F4130E /* Build configuration list for PBXNativeTarget "TheMovie-iOS" */ = {
			isa = XCConfigurationList;
			buildConfigurations = (
				AFD9B25229A4463400F4130E /* Debug */,
				AFD9B25329A4463400F4130E /* Release */,
			);
			defaultConfigurationIsVisible = 0;
			defaultConfigurationName = Release;
		};
/* End XCConfigurationList section */
	};
	rootObject = AFD9B23529A4463200F4130E /* Project object */;
}
